
Microsoft Visual Studio Solution File, Format Version 12.00
# Visual Studio Version 17
VisualStudioVersion = 17.8.34322.80
MinimumVisualStudioVersion = 10.0.40219.1
Project("{9A19103F-16F7-4668-BE54-9A1E7A4F7556}") = "FileSystemRestApi", "FileSystemRestApi.csproj", "{E6C95903-F39B-4A13-A9B4-ABFF71A1BDD8}"
EndProject
Project("{FAE04EC0-301F-11D3-BF4B-00C04F79EFBC}") = "BrowserService", "..\BrowserService\BrowserService.csproj", "{C9EBCBC8-DAFB-4C78-830C-5A821D7B5912}"
EndProject
Global
	GlobalSection(SolutionConfigurationPlatforms) = preSolution
		Debug|Any CPU = Debug|Any CPU
		Release|Any CPU = Release|Any CPU
	EndGlobalSection
	GlobalSection(ProjectConfigurationPlatforms) = postSolution
		{E6C95903-F39B-4A13-A9B4-ABFF71A1BDD8}.Debug|Any CPU.ActiveCfg = Debug|Any CPU
		{E6C95903-F39B-4A13-A9B4-ABFF71A1BDD8}.Debug|Any CPU.Build.0 = Debug|Any CPU
		{E6C95903-F39B-4A13-A9B4-ABFF71A1BDD8}.Release|Any CPU.ActiveCfg = Release|Any CPU
		{E6C95903-F39B-4A13-A9B4-ABFF71A1BDD8}.Release|Any CPU.Build.0 = Release|Any CPU
		{C9EBCBC8-DAFB-4C78-830C-5A821D7B5912}.Debug|Any CPU.ActiveCfg = Debug|Any CPU
		{C9EBCBC8-DAFB-4C78-830C-5A821D7B5912}.Debug|Any CPU.Build.0 = Debug|Any CPU
		{C9EBCBC8-DAFB-4C78-830C-5A821D7B5912}.Release|Any CPU.ActiveCfg = Release|Any CPU
		{C9EBCBC8-DAFB-4C78-830C-5A821D7B5912}.Release|Any CPU.Build.0 = Release|Any CPU
	EndGlobalSection
	GlobalSection(SolutionProperties) = preSolution
		HideSolutionNode = FALSE
	EndGlobalSection
	GlobalSection(ExtensibilityGlobals) = postSolution
		SolutionGuid = {FA1F63D9-FE80-49AB-BDDC-6822192D63D0}
	EndGlobalSection
EndGlobal
