
Microsoft Visual Studio Solution File, Format Version 12.00
# Visual Studio Version 17
VisualStudioVersion = 17.8.34322.80
MinimumVisualStudioVersion = 10.0.40219.1
Project("{9A19103F-16F7-4668-BE54-9A1E7A4F7556}") = "FileSystemRestApi", "FileSystemRestApi.csproj", "{E6C95903-F39B-4A13-A9B4-ABFF71A1BDD8}"
EndProject
Project("{9A19103F-16F7-4668-BE54-9A1E7A4F7556}") = "BrowserService", "..\BrowserService\BrowserService.csproj", "{C9EBCBC8-DAFB-4C78-830C-5A821D7B5912}"
EndProject
Project("{2150E333-8FDC-42A3-9474-1A3956D46DE8}") = "Infrastructure", "Infrastructure", "{E479D0F9-4546-4545-B719-216E10606AB5}"
EndProject
Project("{FAE04EC0-301F-11D3-BF4B-00C04F79EFBC}") = "Infrastructure.Database.FileSystem", "..\Infrastructure.Database.FileSystem\Infrastructure.Database.FileSystem.csproj", "{57BEC807-081F-489D-A5E7-F7B6ED9B2597}"
EndProject
Project("{2150E333-8FDC-42A3-9474-1A3956D46DE8}") = "WebServices", "WebServices", "{0B22BAC2-FF2F-4A41-97CC-EEB193A9321E}"
EndProject
Project("{2150E333-8FDC-42A3-9474-1A3956D46DE8}") = "Services", "Services", "{04A014FB-6285-4053-AAE2-70F40750345E}"
EndProject
Project("{2150E333-8FDC-42A3-9474-1A3956D46DE8}") = "Tests", "Tests", "{26B4993C-8E93-4554-A778-A9A1C6F9A1CC}"
EndProject
Global
	GlobalSection(SolutionConfigurationPlatforms) = preSolution
		Debug|Any CPU = Debug|Any CPU
		Release|Any CPU = Release|Any CPU
	EndGlobalSection
	GlobalSection(ProjectConfigurationPlatforms) = postSolution
		{E6C95903-F39B-4A13-A9B4-ABFF71A1BDD8}.Debug|Any CPU.ActiveCfg = Debug|Any CPU
		{E6C95903-F39B-4A13-A9B4-ABFF71A1BDD8}.Debug|Any CPU.Build.0 = Debug|Any CPU
		{E6C95903-F39B-4A13-A9B4-ABFF71A1BDD8}.Release|Any CPU.ActiveCfg = Release|Any CPU
		{E6C95903-F39B-4A13-A9B4-ABFF71A1BDD8}.Release|Any CPU.Build.0 = Release|Any CPU
		{C9EBCBC8-DAFB-4C78-830C-5A821D7B5912}.Debug|Any CPU.ActiveCfg = Debug|Any CPU
		{C9EBCBC8-DAFB-4C78-830C-5A821D7B5912}.Debug|Any CPU.Build.0 = Debug|Any CPU
		{C9EBCBC8-DAFB-4C78-830C-5A821D7B5912}.Release|Any CPU.ActiveCfg = Release|Any CPU
		{C9EBCBC8-DAFB-4C78-830C-5A821D7B5912}.Release|Any CPU.Build.0 = Release|Any CPU
		{57BEC807-081F-489D-A5E7-F7B6ED9B2597}.Debug|Any CPU.ActiveCfg = Debug|Any CPU
		{57BEC807-081F-489D-A5E7-F7B6ED9B2597}.Debug|Any CPU.Build.0 = Debug|Any CPU
		{57BEC807-081F-489D-A5E7-F7B6ED9B2597}.Release|Any CPU.ActiveCfg = Release|Any CPU
		{57BEC807-081F-489D-A5E7-F7B6ED9B2597}.Release|Any CPU.Build.0 = Release|Any CPU
	EndGlobalSection
	GlobalSection(SolutionProperties) = preSolution
		HideSolutionNode = FALSE
	EndGlobalSection
	GlobalSection(NestedProjects) = preSolution
		{E6C95903-F39B-4A13-A9B4-ABFF71A1BDD8} = {0B22BAC2-FF2F-4A41-97CC-EEB193A9321E}
		{C9EBCBC8-DAFB-4C78-830C-5A821D7B5912} = {04A014FB-6285-4053-AAE2-70F40750345E}
		{57BEC807-081F-489D-A5E7-F7B6ED9B2597} = {E479D0F9-4546-4545-B719-216E10606AB5}
	EndGlobalSection
	GlobalSection(ExtensibilityGlobals) = postSolution
		SolutionGuid = {FA1F63D9-FE80-49AB-BDDC-6822192D63D0}
	EndGlobalSection
EndGlobal
